
Microsoft Visual Studio Solution File, Format Version 12.00
# Visual Studio Version 17
VisualStudioVersion = 17.2.32526.322
MinimumVisualStudioVersion = 10.0.40219.1
Project("{FAE04EC0-301F-11D3-BF4B-00C04F79EFBC}") = "Demo_groupe", "Demo_groupe\Demo_groupe.csproj", "{708DF7F5-1057-4691-908A-F72D55555C4B}"
EndProject
Global
	GlobalSection(SolutionConfigurationPlatforms) = preSolution
		Debug|Any CPU = Debug|Any CPU
		Release|Any CPU = Release|Any CPU
	EndGlobalSection
	GlobalSection(ProjectConfigurationPlatforms) = postSolution
		{708DF7F5-1057-4691-908A-F72D55555C4B}.Debug|Any CPU.ActiveCfg = Debug|Any CPU
		{708DF7F5-1057-4691-908A-F72D55555C4B}.Debug|Any CPU.Build.0 = Debug|Any CPU
		{708DF7F5-1057-4691-908A-F72D55555C4B}.Release|Any CPU.ActiveCfg = Release|Any CPU
		{708DF7F5-1057-4691-908A-F72D55555C4B}.Release|Any CPU.Build.0 = Release|Any CPU
	EndGlobalSection
	GlobalSection(SolutionProperties) = preSolution
		HideSolutionNode = FALSE
	EndGlobalSection
	GlobalSection(ExtensibilityGlobals) = postSolution
		SolutionGuid = {F4B64BC5-8B7A-43C7-A09F-D1FB14E9D459}
	EndGlobalSection
EndGlobal
